// !$*UTF8*$!
{
	archiveVersion = 1;
	classes = {
	};
	objectVersion = 56;
	objects = {

/* Begin PBXBuildFile section */
		C509177D2A539E7100951E82 /* triviaData.swift in Sources */ = {isa = PBXBuildFile; fileRef = C509177C2A539E7100951E82 /* triviaData.swift */; };
		C5294C342A48B95B00E3E88D /* qandaContainer.swift in Sources */ = {isa = PBXBuildFile; fileRef = C5294C332A48B95B00E3E88D /* qandaContainer.swift */; };
		C57302962A4221B8000EB2C2 /* triviaApp.swift in Sources */ = {isa = PBXBuildFile; fileRef = C57302952A4221B8000EB2C2 /* triviaApp.swift */; };
		C57302982A4221B8000EB2C2 /* ContentView.swift in Sources */ = {isa = PBXBuildFile; fileRef = C57302972A4221B8000EB2C2 /* ContentView.swift */; };
		C573029A2A4221BA000EB2C2 /* Assets.xcassets in Resources */ = {isa = PBXBuildFile; fileRef = C57302992A4221BA000EB2C2 /* Assets.xcassets */; };
		C573029D2A4221BA000EB2C2 /* Preview Assets.xcassets in Resources */ = {isa = PBXBuildFile; fileRef = C573029C2A4221BA000EB2C2 /* Preview Assets.xcassets */; };
		C57302A72A4221BA000EB2C2 /* triviaTests.swift in Sources */ = {isa = PBXBuildFile; fileRef = C57302A62A4221BA000EB2C2 /* triviaTests.swift */; };
		C57302B12A4221BA000EB2C2 /* triviaUITests.swift in Sources */ = {isa = PBXBuildFile; fileRef = C57302B02A4221BA000EB2C2 /* triviaUITests.swift */; };
		C57302B32A4221BA000EB2C2 /* triviaUITestsLaunchTests.swift in Sources */ = {isa = PBXBuildFile; fileRef = C57302B22A4221BA000EB2C2 /* triviaUITestsLaunchTests.swift */; };
		C57302C22A4230D9000EB2C2 /* catButton.swift in Sources */ = {isa = PBXBuildFile; fileRef = C57302C12A4230D9000EB2C2 /* catButton.swift */; };
/* End PBXBuildFile section */

/* Begin PBXContainerItemProxy section */
		C57302A32A4221BA000EB2C2 /* PBXContainerItemProxy */ = {
			isa = PBXContainerItemProxy;
			containerPortal = C573028A2A4221B8000EB2C2 /* Project object */;
			proxyType = 1;
			remoteGlobalIDString = C57302912A4221B8000EB2C2;
			remoteInfo = trivia;
		};
		C57302AD2A4221BA000EB2C2 /* PBXContainerItemProxy */ = {
			isa = PBXContainerItemProxy;
			containerPortal = C573028A2A4221B8000EB2C2 /* Project object */;
			proxyType = 1;
			remoteGlobalIDString = C57302912A4221B8000EB2C2;
			remoteInfo = trivia;
		};
/* End PBXContainerItemProxy section */

/* Begin PBXFileReference section */
		C509177C2A539E7100951E82 /* triviaData.swift */ = {isa = PBXFileReference; lastKnownFileType = sourcecode.swift; path = triviaData.swift; sourceTree = "<group>"; };
		C5294C332A48B95B00E3E88D /* qandaContainer.swift */ = {isa = PBXFileReference; lastKnownFileType = sourcecode.swift; path = qandaContainer.swift; sourceTree = "<group>"; };
		C57302922A4221B8000EB2C2 /* trivia.app */ = {isa = PBXFileReference; explicitFileType = wrapper.application; includeInIndex = 0; path = trivia.app; sourceTree = BUILT_PRODUCTS_DIR; };
		C57302952A4221B8000EB2C2 /* triviaApp.swift */ = {isa = PBXFileReference; lastKnownFileType = sourcecode.swift; path = triviaApp.swift; sourceTree = "<group>"; };
		C57302972A4221B8000EB2C2 /* ContentView.swift */ = {isa = PBXFileReference; lastKnownFileType = sourcecode.swift; path = ContentView.swift; sourceTree = "<group>"; };
		C57302992A4221BA000EB2C2 /* Assets.xcassets */ = {isa = PBXFileReference; lastKnownFileType = folder.assetcatalog; path = Assets.xcassets; sourceTree = "<group>"; };
		C573029C2A4221BA000EB2C2 /* Preview Assets.xcassets */ = {isa = PBXFileReference; lastKnownFileType = folder.assetcatalog; path = "Preview Assets.xcassets"; sourceTree = "<group>"; };
		C57302A22A4221BA000EB2C2 /* triviaTests.xctest */ = {isa = PBXFileReference; explicitFileType = wrapper.cfbundle; includeInIndex = 0; path = triviaTests.xctest; sourceTree = BUILT_PRODUCTS_DIR; };
		C57302A62A4221BA000EB2C2 /* triviaTests.swift */ = {isa = PBXFileReference; lastKnownFileType = sourcecode.swift; path = triviaTests.swift; sourceTree = "<group>"; };
		C57302AC2A4221BA000EB2C2 /* triviaUITests.xctest */ = {isa = PBXFileReference; explicitFileType = wrapper.cfbundle; includeInIndex = 0; path = triviaUITests.xctest; sourceTree = BUILT_PRODUCTS_DIR; };
		C57302B02A4221BA000EB2C2 /* triviaUITests.swift */ = {isa = PBXFileReference; lastKnownFileType = sourcecode.swift; path = triviaUITests.swift; sourceTree = "<group>"; };
		C57302B22A4221BA000EB2C2 /* triviaUITestsLaunchTests.swift */ = {isa = PBXFileReference; lastKnownFileType = sourcecode.swift; path = triviaUITestsLaunchTests.swift; sourceTree = "<group>"; };
		C57302C12A4230D9000EB2C2 /* catButton.swift */ = {isa = PBXFileReference; lastKnownFileType = sourcecode.swift; path = catButton.swift; sourceTree = "<group>"; };
/* End PBXFileReference section */

/* Begin PBXFrameworksBuildPhase section */
		C573028F2A4221B8000EB2C2 /* Frameworks */ = {
			isa = PBXFrameworksBuildPhase;
			buildActionMask = 2147483647;
			files = (
			);
			runOnlyForDeploymentPostprocessing = 0;
		};
		C573029F2A4221BA000EB2C2 /* Frameworks */ = {
			isa = PBXFrameworksBuildPhase;
			buildActionMask = 2147483647;
			files = (
			);
			runOnlyForDeploymentPostprocessing = 0;
		};
		C57302A92A4221BA000EB2C2 /* Frameworks */ = {
			isa = PBXFrameworksBuildPhase;
			buildActionMask = 2147483647;
			files = (
			);
			runOnlyForDeploymentPostprocessing = 0;
		};
/* End PBXFrameworksBuildPhase section */

/* Begin PBXGroup section */
		C57302892A4221B8000EB2C2 = {
			isa = PBXGroup;
			children = (
				C57302942A4221B8000EB2C2 /* trivia */,
				C57302A52A4221BA000EB2C2 /* triviaTests */,
				C57302AF2A4221BA000EB2C2 /* triviaUITests */,
				C57302932A4221B8000EB2C2 /* Products */,
			);
			sourceTree = "<group>";
		};
		C57302932A4221B8000EB2C2 /* Products */ = {
			isa = PBXGroup;
			children = (
				C57302922A4221B8000EB2C2 /* trivia.app */,
				C57302A22A4221BA000EB2C2 /* triviaTests.xctest */,
				C57302AC2A4221BA000EB2C2 /* triviaUITests.xctest */,
			);
			name = Products;
			sourceTree = "<group>";
		};
		C57302942A4221B8000EB2C2 /* trivia */ = {
			isa = PBXGroup;
			children = (
				C57302C02A4230C0000EB2C2 /* Components */,
				C57302952A4221B8000EB2C2 /* triviaApp.swift */,
				C57302972A4221B8000EB2C2 /* ContentView.swift */,
				C57302992A4221BA000EB2C2 /* Assets.xcassets */,
				C573029B2A4221BA000EB2C2 /* Preview Content */,
				C509177C2A539E7100951E82 /* triviaData.swift */,
			);
			path = trivia;
			sourceTree = "<group>";
		};
		C573029B2A4221BA000EB2C2 /* Preview Content */ = {
			isa = PBXGroup;
			children = (
				C573029C2A4221BA000EB2C2 /* Preview Assets.xcassets */,
			);
			path = "Preview Content";
			sourceTree = "<group>";
		};
		C57302A52A4221BA000EB2C2 /* triviaTests */ = {
			isa = PBXGroup;
			children = (
				C57302A62A4221BA000EB2C2 /* triviaTests.swift */,
			);
			path = triviaTests;
			sourceTree = "<group>";
		};
		C57302AF2A4221BA000EB2C2 /* triviaUITests */ = {
			isa = PBXGroup;
			children = (
				C57302B02A4221BA000EB2C2 /* triviaUITests.swift */,
				C57302B22A4221BA000EB2C2 /* triviaUITestsLaunchTests.swift */,
			);
			path = triviaUITests;
			sourceTree = "<group>";
		};
		C57302C02A4230C0000EB2C2 /* Components */ = {
			isa = PBXGroup;
			children = (
				C57302C12A4230D9000EB2C2 /* catButton.swift */,
				C5294C332A48B95B00E3E88D /* qandaContainer.swift */,
			);
			path = Components;
			sourceTree = "<group>";
		};
/* End PBXGroup section */

/* Begin PBXNativeTarget section */
		C57302912A4221B8000EB2C2 /* trivia */ = {
			isa = PBXNativeTarget;
			buildConfigurationList = C57302B62A4221BA000EB2C2 /* Build configuration list for PBXNativeTarget "trivia" */;
			buildPhases = (
				C573028E2A4221B8000EB2C2 /* Sources */,
				C573028F2A4221B8000EB2C2 /* Frameworks */,
				C57302902A4221B8000EB2C2 /* Resources */,
			);
			buildRules = (
			);
			dependencies = (
			);
			name = trivia;
			productName = trivia;
			productReference = C57302922A4221B8000EB2C2 /* trivia.app */;
			productType = "com.apple.product-type.application";
		};
		C57302A12A4221BA000EB2C2 /* triviaTests */ = {
			isa = PBXNativeTarget;
			buildConfigurationList = C57302B92A4221BA000EB2C2 /* Build configuration list for PBXNativeTarget "triviaTests" */;
			buildPhases = (
				C573029E2A4221BA000EB2C2 /* Sources */,
				C573029F2A4221BA000EB2C2 /* Frameworks */,
				C57302A02A4221BA000EB2C2 /* Resources */,
			);
			buildRules = (
			);
			dependencies = (
				C57302A42A4221BA000EB2C2 /* PBXTargetDependency */,
			);
			name = triviaTests;
			productName = triviaTests;
			productReference = C57302A22A4221BA000EB2C2 /* triviaTests.xctest */;
			productType = "com.apple.product-type.bundle.unit-test";
		};
		C57302AB2A4221BA000EB2C2 /* triviaUITests */ = {
			isa = PBXNativeTarget;
			buildConfigurationList = C57302BC2A4221BA000EB2C2 /* Build configuration list for PBXNativeTarget "triviaUITests" */;
			buildPhases = (
				C57302A82A4221BA000EB2C2 /* Sources */,
				C57302A92A4221BA000EB2C2 /* Frameworks */,
				C57302AA2A4221BA000EB2C2 /* Resources */,
			);
			buildRules = (
			);
			dependencies = (
				C57302AE2A4221BA000EB2C2 /* PBXTargetDependency */,
			);
			name = triviaUITests;
			productName = triviaUITests;
			productReference = C57302AC2A4221BA000EB2C2 /* triviaUITests.xctest */;
			productType = "com.apple.product-type.bundle.ui-testing";
		};
/* End PBXNativeTarget section */

/* Begin PBXProject section */
		C573028A2A4221B8000EB2C2 /* Project object */ = {
			isa = PBXProject;
			attributes = {
				BuildIndependentTargetsInParallel = 1;
				LastSwiftUpdateCheck = 1430;
				LastUpgradeCheck = 1430;
				TargetAttributes = {
					C57302912A4221B8000EB2C2 = {
						CreatedOnToolsVersion = 14.3.1;
					};
					C57302A12A4221BA000EB2C2 = {
						CreatedOnToolsVersion = 14.3.1;
						TestTargetID = C57302912A4221B8000EB2C2;
					};
					C57302AB2A4221BA000EB2C2 = {
						CreatedOnToolsVersion = 14.3.1;
						TestTargetID = C57302912A4221B8000EB2C2;
					};
				};
			};
			buildConfigurationList = C573028D2A4221B8000EB2C2 /* Build configuration list for PBXProject "trivia" */;
			compatibilityVersion = "Xcode 14.0";
			developmentRegion = en;
			hasScannedForEncodings = 0;
			knownRegions = (
				en,
				Base,
			);
			mainGroup = C57302892A4221B8000EB2C2;
			productRefGroup = C57302932A4221B8000EB2C2 /* Products */;
			projectDirPath = "";
			projectRoot = "";
			targets = (
				C57302912A4221B8000EB2C2 /* trivia */,
				C57302A12A4221BA000EB2C2 /* triviaTests */,
				C57302AB2A4221BA000EB2C2 /* triviaUITests */,
			);
		};
/* End PBXProject section */

/* Begin PBXResourcesBuildPhase section */
		C57302902A4221B8000EB2C2 /* Resources */ = {
			isa = PBXResourcesBuildPhase;
			buildActionMask = 2147483647;
			files = (
				C573029D2A4221BA000EB2C2 /* Preview Assets.xcassets in Resources */,
				C573029A2A4221BA000EB2C2 /* Assets.xcassets in Resources */,
			);
			runOnlyForDeploymentPostprocessing = 0;
		};
		C57302A02A4221BA000EB2C2 /* Resources */ = {
			isa = PBXResourcesBuildPhase;
			buildActionMask = 2147483647;
			files = (
			);
			runOnlyForDeploymentPostprocessing = 0;
		};
		C57302AA2A4221BA000EB2C2 /* Resources */ = {
			isa = PBXResourcesBuildPhase;
			buildActionMask = 2147483647;
			files = (
			);
			runOnlyForDeploymentPostprocessing = 0;
		};
/* End PBXResourcesBuildPhase section */

/* Begin PBXSourcesBuildPhase section */
		C573028E2A4221B8000EB2C2 /* Sources */ = {
			isa = PBXSourcesBuildPhase;
			buildActionMask = 2147483647;
			files = (
				C5294C342A48B95B00E3E88D /* qandaContainer.swift in Sources */,
				C509177D2A539E7100951E82 /* triviaData.swift in Sources */,
				C57302982A4221B8000EB2C2 /* ContentView.swift in Sources */,
				C57302C22A4230D9000EB2C2 /* catButton.swift in Sources */,
				C57302962A4221B8000EB2C2 /* triviaApp.swift in Sources */,
			);
			runOnlyForDeploymentPostprocessing = 0;
		};
		C573029E2A4221BA000EB2C2 /* Sources */ = {
			isa = PBXSourcesBuildPhase;
			buildActionMask = 2147483647;
			files = (
				C57302A72A4221BA000EB2C2 /* triviaTests.swift in Sources */,
			);
			runOnlyForDeploymentPostprocessing = 0;
		};
		C57302A82A4221BA000EB2C2 /* Sources */ = {
			isa = PBXSourcesBuildPhase;
			buildActionMask = 2147483647;
			files = (
				C57302B12A4221BA000EB2C2 /* triviaUITests.swift in Sources */,
				C57302B32A4221BA000EB2C2 /* triviaUITestsLaunchTests.swift in Sources */,
			);
			runOnlyForDeploymentPostprocessing = 0;
		};
/* End PBXSourcesBuildPhase section */

/* Begin PBXTargetDependency section */
		C57302A42A4221BA000EB2C2 /* PBXTargetDependency */ = {
			isa = PBXTargetDependency;
			target = C57302912A4221B8000EB2C2 /* trivia */;
			targetProxy = C57302A32A4221BA000EB2C2 /* PBXContainerItemProxy */;
		};
		C57302AE2A4221BA000EB2C2 /* PBXTargetDependency */ = {
			isa = PBXTargetDependency;
			target = C57302912A4221B8000EB2C2 /* trivia */;
			targetProxy = C57302AD2A4221BA000EB2C2 /* PBXContainerItemProxy */;
		};
/* End PBXTargetDependency section */

/* Begin XCBuildConfiguration section */
		C57302B42A4221BA000EB2C2 /* Debug */ = {
			isa = XCBuildConfiguration;
			buildSettings = {
				ALWAYS_SEARCH_USER_PATHS = NO;
				CLANG_ANALYZER_NONNULL = YES;
				CLANG_ANALYZER_NUMBER_OBJECT_CONVERSION = YES_AGGRESSIVE;
				CLANG_CXX_LANGUAGE_STANDARD = "gnu++20";
				CLANG_ENABLE_MODULES = YES;
				CLANG_ENABLE_OBJC_ARC = YES;
				CLANG_ENABLE_OBJC_WEAK = YES;
				CLANG_WARN_BLOCK_CAPTURE_AUTORELEASING = YES;
				CLANG_WARN_BOOL_CONVERSION = YES;
				CLANG_WARN_COMMA = YES;
				CLANG_WARN_CONSTANT_CONVERSION = YES;
				CLANG_WARN_DEPRECATED_OBJC_IMPLEMENTATIONS = YES;
				CLANG_WARN_DIRECT_OBJC_ISA_USAGE = YES_ERROR;
				CLANG_WARN_DOCUMENTATION_COMMENTS = YES;
				CLANG_WARN_EMPTY_BODY = YES;
				CLANG_WARN_ENUM_CONVERSION = YES;
				CLANG_WARN_INFINITE_RECURSION = YES;
				CLANG_WARN_INT_CONVERSION = YES;
				CLANG_WARN_NON_LITERAL_NULL_CONVERSION = YES;
				CLANG_WARN_OBJC_IMPLICIT_RETAIN_SELF = YES;
				CLANG_WARN_OBJC_LITERAL_CONVERSION = YES;
				CLANG_WARN_OBJC_ROOT_CLASS = YES_ERROR;
				CLANG_WARN_QUOTED_INCLUDE_IN_FRAMEWORK_HEADER = YES;
				CLANG_WARN_RANGE_LOOP_ANALYSIS = YES;
				CLANG_WARN_STRICT_PROTOTYPES = YES;
				CLANG_WARN_SUSPICIOUS_MOVE = YES;
				CLANG_WARN_UNGUARDED_AVAILABILITY = YES_AGGRESSIVE;
				CLANG_WARN_UNREACHABLE_CODE = YES;
				CLANG_WARN__DUPLICATE_METHOD_MATCH = YES;
				COPY_PHASE_STRIP = NO;
				DEBUG_INFORMATION_FORMAT = dwarf;
				ENABLE_STRICT_OBJC_MSGSEND = YES;
				ENABLE_TESTABILITY = YES;
				GCC_C_LANGUAGE_STANDARD = gnu11;
				GCC_DYNAMIC_NO_PIC = NO;
				GCC_NO_COMMON_BLOCKS = YES;
				GCC_OPTIMIZATION_LEVEL = 0;
				GCC_PREPROCESSOR_DEFINITIONS = (
					"DEBUG=1",
					"$(inherited)",
				);
				GCC_WARN_64_TO_32_BIT_CONVERSION = YES;
				GCC_WARN_ABOUT_RETURN_TYPE = YES_ERROR;
				GCC_WARN_UNDECLARED_SELECTOR = YES;
				GCC_WARN_UNINITIALIZED_AUTOS = YES_AGGRESSIVE;
				GCC_WARN_UNUSED_FUNCTION = YES;
				GCC_WARN_UNUSED_VARIABLE = YES;
				IPHONEOS_DEPLOYMENT_TARGET = 16.4;
				MTL_ENABLE_DEBUG_INFO = INCLUDE_SOURCE;
				MTL_FAST_MATH = YES;
				ONLY_ACTIVE_ARCH = YES;
				SDKROOT = iphoneos;
				SWIFT_ACTIVE_COMPILATION_CONDITIONS = DEBUG;
				SWIFT_OPTIMIZATION_LEVEL = "-Onone";
			};
			name = Debug;
		};
		C57302B52A4221BA000EB2C2 /* Release */ = {
			isa = XCBuildConfiguration;
			buildSettings = {
				ALWAYS_SEARCH_USER_PATHS = NO;
				CLANG_ANALYZER_NONNULL = YES;
				CLANG_ANALYZER_NUMBER_OBJECT_CONVERSION = YES_AGGRESSIVE;
				CLANG_CXX_LANGUAGE_STANDARD = "gnu++20";
				CLANG_ENABLE_MODULES = YES;
				CLANG_ENABLE_OBJC_ARC = YES;
				CLANG_ENABLE_OBJC_WEAK = YES;
				CLANG_WARN_BLOCK_CAPTURE_AUTORELEASING = YES;
				CLANG_WARN_BOOL_CONVERSION = YES;
				CLANG_WARN_COMMA = YES;
				CLANG_WARN_CONSTANT_CONVERSION = YES;
				CLANG_WARN_DEPRECATED_OBJC_IMPLEMENTATIONS = YES;
				CLANG_WARN_DIRECT_OBJC_ISA_USAGE = YES_ERROR;
				CLANG_WARN_DOCUMENTATION_COMMENTS = YES;
				CLANG_WARN_EMPTY_BODY = YES;
				CLANG_WARN_ENUM_CONVERSION = YES;
				CLANG_WARN_INFINITE_RECURSION = YES;
				CLANG_WARN_INT_CONVERSION = YES;
				CLANG_WARN_NON_LITERAL_NULL_CONVERSION = YES;
				CLANG_WARN_OBJC_IMPLICIT_RETAIN_SELF = YES;
				CLANG_WARN_OBJC_LITERAL_CONVERSION = YES;
				CLANG_WARN_OBJC_ROOT_CLASS = YES_ERROR;
				CLANG_WARN_QUOTED_INCLUDE_IN_FRAMEWORK_HEADER = YES;
				CLANG_WARN_RANGE_LOOP_ANALYSIS = YES;
				CLANG_WARN_STRICT_PROTOTYPES = YES;
				CLANG_WARN_SUSPICIOUS_MOVE = YES;
				CLANG_WARN_UNGUARDED_AVAILABILITY = YES_AGGRESSIVE;
				CLANG_WARN_UNREACHABLE_CODE = YES;
				CLANG_WARN__DUPLICATE_METHOD_MATCH = YES;
				COPY_PHASE_STRIP = NO;
				DEBUG_INFORMATION_FORMAT = "dwarf-with-dsym";
				ENABLE_NS_ASSERTIONS = NO;
				ENABLE_STRICT_OBJC_MSGSEND = YES;
				GCC_C_LANGUAGE_STANDARD = gnu11;
				GCC_NO_COMMON_BLOCKS = YES;
				GCC_WARN_64_TO_32_BIT_CONVERSION = YES;
				GCC_WARN_ABOUT_RETURN_TYPE = YES_ERROR;
				GCC_WARN_UNDECLARED_SELECTOR = YES;
				GCC_WARN_UNINITIALIZED_AUTOS = YES_AGGRESSIVE;
				GCC_WARN_UNUSED_FUNCTION = YES;
				GCC_WARN_UNUSED_VARIABLE = YES;
				IPHONEOS_DEPLOYMENT_TARGET = 16.4;
				MTL_ENABLE_DEBUG_INFO = NO;
				MTL_FAST_MATH = YES;
				SDKROOT = iphoneos;
				SWIFT_COMPILATION_MODE = wholemodule;
				SWIFT_OPTIMIZATION_LEVEL = "-O";
				VALIDATE_PRODUCT = YES;
			};
			name = Release;
		};
		C57302B72A4221BA000EB2C2 /* Debug */ = {
			isa = XCBuildConfiguration;
			buildSettings = {
				ASSETCATALOG_COMPILER_APPICON_NAME = AppIcon;
				ASSETCATALOG_COMPILER_GLOBAL_ACCENT_COLOR_NAME = AccentColor;
				CODE_SIGN_STYLE = Automatic;
				CURRENT_PROJECT_VERSION = 1;
				DEVELOPMENT_ASSET_PATHS = "\"trivia/Preview Content\"";
				ENABLE_PREVIEWS = YES;
				GENERATE_INFOPLIST_FILE = YES;
				INFOPLIST_KEY_UIApplicationSceneManifest_Generation = YES;
				INFOPLIST_KEY_UIApplicationSupportsIndirectInputEvents = YES;
				INFOPLIST_KEY_UILaunchScreen_Generation = YES;
				INFOPLIST_KEY_UISupportedInterfaceOrientations_iPad = "UIInterfaceOrientationPortrait UIInterfaceOrientationPortraitUpsideDown UIInterfaceOrientationLandscapeLeft UIInterfaceOrientationLandscapeRight";
				INFOPLIST_KEY_UISupportedInterfaceOrientations_iPhone = "UIInterfaceOrientationPortrait UIInterfaceOrientationLandscapeLeft UIInterfaceOrientationLandscapeRight";
				LD_RUNPATH_SEARCH_PATHS = (
					"$(inherited)",
					"@executable_path/Frameworks",
				);
				MARKETING_VERSION = 1.0;
				PRODUCT_BUNDLE_IDENTIFIER = bobby.trivia;
				PRODUCT_NAME = "$(TARGET_NAME)";
				SWIFT_EMIT_LOC_STRINGS = YES;
				SWIFT_VERSION = 5.0;
				TARGETED_DEVICE_FAMILY = "1,2";
			};
			name = Debug;
		};
		C57302B82A4221BA000EB2C2 /* Release */ = {
			isa = XCBuildConfiguration;
			buildSettings = {
				ASSETCATALOG_COMPILER_APPICON_NAME = AppIcon;
				ASSETCATALOG_COMPILER_GLOBAL_ACCENT_COLOR_NAME = AccentColor;
				CODE_SIGN_STYLE = Automatic;
				CURRENT_PROJECT_VERSION = 1;
				DEVELOPMENT_ASSET_PATHS = "\"trivia/Preview Content\"";
				ENABLE_PREVIEWS = YES;
				GENERATE_INFOPLIST_FILE = YES;
				INFOPLIST_KEY_UIApplicationSceneManifest_Generation = YES;
				INFOPLIST_KEY_UIApplicationSupportsIndirectInputEvents = YES;
				INFOPLIST_KEY_UILaunchScreen_Generation = YES;
				INFOPLIST_KEY_UISupportedInterfaceOrientations_iPad = "UIInterfaceOrientationPortrait UIInterfaceOrientationPortraitUpsideDown UIInterfaceOrientationLandscapeLeft UIInterfaceOrientationLandscapeRight";
				INFOPLIST_KEY_UISupportedInterfaceOrientations_iPhone = "UIInterfaceOrientationPortrait UIInterfaceOrientationLandscapeLeft UIInterfaceOrientationLandscapeRight";
				LD_RUNPATH_SEARCH_PATHS = (
					"$(inherited)",
					"@executable_path/Frameworks",
				);
				MARKETING_VERSION = 1.0;
				PRODUCT_BUNDLE_IDENTIFIER = bobby.trivia;
				PRODUCT_NAME = "$(TARGET_NAME)";
				SWIFT_EMIT_LOC_STRINGS = YES;
				SWIFT_VERSION = 5.0;
				TARGETED_DEVICE_FAMILY = "1,2";
			};
			name = Release;
		};
		C57302BA2A4221BA000EB2C2 /* Debug */ = {
			isa = XCBuildConfiguration;
			buildSettings = {
				ALWAYS_EMBED_SWIFT_STANDARD_LIBRARIES = YES;
				BUNDLE_LOADER = "$(TEST_HOST)";
				CODE_SIGN_STYLE = Automatic;
				CURRENT_PROJECT_VERSION = 1;
				GENERATE_INFOPLIST_FILE = YES;
				IPHONEOS_DEPLOYMENT_TARGET = 16.4;
				MARKETING_VERSION = 1.0;
				PRODUCT_BUNDLE_IDENTIFIER = bobby.triviaTests;
				PRODUCT_NAME = "$(TARGET_NAME)";
				SWIFT_EMIT_LOC_STRINGS = NO;
				SWIFT_VERSION = 5.0;
				TARGETED_DEVICE_FAMILY = "1,2";
				TEST_HOST = "$(BUILT_PRODUCTS_DIR)/trivia.app/$(BUNDLE_EXECUTABLE_FOLDER_PATH)/trivia";
			};
			name = Debug;
		};
		C57302BB2A4221BA000EB2C2 /* Release */ = {
			isa = XCBuildConfiguration;
			buildSettings = {
				ALWAYS_EMBED_SWIFT_STANDARD_LIBRARIES = YES;
				BUNDLE_LOADER = "$(TEST_HOST)";
				CODE_SIGN_STYLE = Automatic;
				CURRENT_PROJECT_VERSION = 1;
				GENERATE_INFOPLIST_FILE = YES;
				IPHONEOS_DEPLOYMENT_TARGET = 16.4;
				MARKETING_VERSION = 1.0;
				PRODUCT_BUNDLE_IDENTIFIER = bobby.triviaTests;
				PRODUCT_NAME = "$(TARGET_NAME)";
				SWIFT_EMIT_LOC_STRINGS = NO;
				SWIFT_VERSION = 5.0;
				TARGETED_DEVICE_FAMILY = "1,2";
				TEST_HOST = "$(BUILT_PRODUCTS_DIR)/trivia.app/$(BUNDLE_EXECUTABLE_FOLDER_PATH)/trivia";
			};
			name = Release;
		};
		C57302BD2A4221BA000EB2C2 /* Debug */ = {
			isa = XCBuildConfiguration;
			buildSettings = {
				ALWAYS_EMBED_SWIFT_STANDARD_LIBRARIES = YES;
				CODE_SIGN_STYLE = Automatic;
				CURRENT_PROJECT_VERSION = 1;
				GENERATE_INFOPLIST_FILE = YES;
				MARKETING_VERSION = 1.0;
				PRODUCT_BUNDLE_IDENTIFIER = bobby.triviaUITests;
				PRODUCT_NAME = "$(TARGET_NAME)";
				SWIFT_EMIT_LOC_STRINGS = NO;
				SWIFT_VERSION = 5.0;
				TARGETED_DEVICE_FAMILY = "1,2";
				TEST_TARGET_NAME = trivia;
			};
			name = Debug;
		};
		C57302BE2A4221BA000EB2C2 /* Release */ = {
			isa = XCBuildConfiguration;
			buildSettings = {
				ALWAYS_EMBED_SWIFT_STANDARD_LIBRARIES = YES;
				CODE_SIGN_STYLE = Automatic;
				CURRENT_PROJECT_VERSION = 1;
				GENERATE_INFOPLIST_FILE = YES;
				MARKETING_VERSION = 1.0;
				PRODUCT_BUNDLE_IDENTIFIER = bobby.triviaUITests;
				PRODUCT_NAME = "$(TARGET_NAME)";
				SWIFT_EMIT_LOC_STRINGS = NO;
				SWIFT_VERSION = 5.0;
				TARGETED_DEVICE_FAMILY = "1,2";
				TEST_TARGET_NAME = trivia;
			};
			name = Release;
		};
/* End XCBuildConfiguration section */

/* Begin XCConfigurationList section */
		C573028D2A4221B8000EB2C2 /* Build configuration list for PBXProject "trivia" */ = {
			isa = XCConfigurationList;
			buildConfigurations = (
				C57302B42A4221BA000EB2C2 /* Debug */,
				C57302B52A4221BA000EB2C2 /* Release */,
			);
			defaultConfigurationIsVisible = 0;
			defaultConfigurationName = Release;
		};
		C57302B62A4221BA000EB2C2 /* Build configuration list for PBXNativeTarget "trivia" */ = {
			isa = XCConfigurationList;
			buildConfigurations = (
				C57302B72A4221BA000EB2C2 /* Debug */,
				C57302B82A4221BA000EB2C2 /* Release */,
			);
			defaultConfigurationIsVisible = 0;
			defaultConfigurationName = Release;
		};
		C57302B92A4221BA000EB2C2 /* Build configuration list for PBXNativeTarget "triviaTests" */ = {
			isa = XCConfigurationList;
			buildConfigurations = (
				C57302BA2A4221BA000EB2C2 /* Debug */,
				C57302BB2A4221BA000EB2C2 /* Release */,
			);
			defaultConfigurationIsVisible = 0;
			defaultConfigurationName = Release;
		};
		C57302BC2A4221BA000EB2C2 /* Build configuration list for PBXNativeTarget "triviaUITests" */ = {
			isa = XCConfigurationList;
			buildConfigurations = (
				C57302BD2A4221BA000EB2C2 /* Debug */,
				C57302BE2A4221BA000EB2C2 /* Release */,
			);
			defaultConfigurationIsVisible = 0;
			defaultConfigurationName = Release;
		};
/* End XCConfigurationList section */
	};
	rootObject = C573028A2A4221B8000EB2C2 /* Project object */;
}
